// !$*UTF8*$!
{
	archiveVersion = 1;
	classes = {
	};
	objectVersion = 55;
	objects = {

/* Begin PBXBuildFile section */
		90222D9528EB3B330067A141 /* BindingView.swift in Sources */ = {isa = PBXBuildFile; fileRef = 90222D9428EB3B330067A141 /* BindingView.swift */; };
		90222D9728EB3BB20067A141 /* FPScrollView.swift in Sources */ = {isa = PBXBuildFile; fileRef = 90222D9628EB3BB20067A141 /* FPScrollView.swift */; };
		90696DB228813B7B00D474E2 /* Assets.xcassets in Resources */ = {isa = PBXBuildFile; fileRef = 90696DB128813B7B00D474E2 /* Assets.xcassets */; };
		90696DB528813B7B00D474E2 /* Preview Assets.xcassets in Resources */ = {isa = PBXBuildFile; fileRef = 90696DB428813B7B00D474E2 /* Preview Assets.xcassets */; };
		90696DC928813C0B00D474E2 /* FPFormComponent.swift in Sources */ = {isa = PBXBuildFile; fileRef = 90696DC528813C0B00D474E2 /* FPFormComponent.swift */; };
		90696DCA28813C0B00D474E2 /* FPForm.swift in Sources */ = {isa = PBXBuildFile; fileRef = 90696DC628813C0B00D474E2 /* FPForm.swift */; };
		90696DCB28813C0B00D474E2 /* FPTextField.swift in Sources */ = {isa = PBXBuildFile; fileRef = 90696DC728813C0B00D474E2 /* FPTextField.swift */; };
		90696DCC28813C0B00D474E2 /* FPValidationContext.swift in Sources */ = {isa = PBXBuildFile; fileRef = 90696DC828813C0B00D474E2 /* FPValidationContext.swift */; };
		90696DCE28813C1700D474E2 /* ContentView.swift in Sources */ = {isa = PBXBuildFile; fileRef = 90696DCD28813C1700D474E2 /* ContentView.swift */; };
		90696DD028813C1E00D474E2 /* FormsPlaygroundsApp.swift in Sources */ = {isa = PBXBuildFile; fileRef = 90696DCF28813C1E00D474E2 /* FormsPlaygroundsApp.swift */; };
/* End PBXBuildFile section */

/* Begin PBXFileReference section */
		90222D9428EB3B330067A141 /* BindingView.swift */ = {isa = PBXFileReference; lastKnownFileType = sourcecode.swift; path = BindingView.swift; sourceTree = "<group>"; };
		90222D9628EB3BB20067A141 /* FPScrollView.swift */ = {isa = PBXFileReference; fileEncoding = 4; lastKnownFileType = sourcecode.swift; path = FPScrollView.swift; sourceTree = "<group>"; };
		90696DAA28813B7A00D474E2 /* FormsPlayground.app */ = {isa = PBXFileReference; explicitFileType = wrapper.application; includeInIndex = 0; path = FormsPlayground.app; sourceTree = BUILT_PRODUCTS_DIR; };
		90696DB128813B7B00D474E2 /* Assets.xcassets */ = {isa = PBXFileReference; lastKnownFileType = folder.assetcatalog; path = Assets.xcassets; sourceTree = "<group>"; };
		90696DB428813B7B00D474E2 /* Preview Assets.xcassets */ = {isa = PBXFileReference; lastKnownFileType = folder.assetcatalog; path = "Preview Assets.xcassets"; sourceTree = "<group>"; };
		90696DC528813C0B00D474E2 /* FPFormComponent.swift */ = {isa = PBXFileReference; fileEncoding = 4; lastKnownFileType = sourcecode.swift; path = FPFormComponent.swift; sourceTree = "<group>"; };
		90696DC628813C0B00D474E2 /* FPForm.swift */ = {isa = PBXFileReference; fileEncoding = 4; lastKnownFileType = sourcecode.swift; path = FPForm.swift; sourceTree = "<group>"; };
		90696DC728813C0B00D474E2 /* FPTextField.swift */ = {isa = PBXFileReference; fileEncoding = 4; lastKnownFileType = sourcecode.swift; path = FPTextField.swift; sourceTree = "<group>"; };
		90696DC828813C0B00D474E2 /* FPValidationContext.swift */ = {isa = PBXFileReference; fileEncoding = 4; lastKnownFileType = sourcecode.swift; path = FPValidationContext.swift; sourceTree = "<group>"; };
		90696DCD28813C1700D474E2 /* ContentView.swift */ = {isa = PBXFileReference; fileEncoding = 4; lastKnownFileType = sourcecode.swift; path = ContentView.swift; sourceTree = "<group>"; };
		90696DCF28813C1E00D474E2 /* FormsPlaygroundsApp.swift */ = {isa = PBXFileReference; fileEncoding = 4; lastKnownFileType = sourcecode.swift; path = FormsPlaygroundsApp.swift; sourceTree = "<group>"; };
/* End PBXFileReference section */

/* Begin PBXFrameworksBuildPhase section */
		90696DA728813B7A00D474E2 /* Frameworks */ = {
			isa = PBXFrameworksBuildPhase;
			buildActionMask = 2147483647;
			files = (
			);
			runOnlyForDeploymentPostprocessing = 0;
		};
/* End PBXFrameworksBuildPhase section */

/* Begin PBXGroup section */
		90696DA128813B7A00D474E2 = {
			isa = PBXGroup;
			children = (
				90696DAC28813B7A00D474E2 /* FormsPlayground */,
				90696DAB28813B7A00D474E2 /* Products */,
			);
			sourceTree = "<group>";
		};
		90696DAB28813B7A00D474E2 /* Products */ = {
			isa = PBXGroup;
			children = (
				90696DAA28813B7A00D474E2 /* FormsPlayground.app */,
			);
			name = Products;
			sourceTree = "<group>";
		};
		90696DAC28813B7A00D474E2 /* FormsPlayground */ = {
			isa = PBXGroup;
			children = (
				90696DC228813BE400D474E2 /* App */,
				90696DC328813BEC00D474E2 /* Views */,
				90696DC428813BF900D474E2 /* Forms */,
				90696DBB28813BAC00D474E2 /* Resources */,
			);
			path = FormsPlayground;
			sourceTree = "<group>";
		};
		90696DB328813B7B00D474E2 /* Preview Content */ = {
			isa = PBXGroup;
			children = (
				90696DB428813B7B00D474E2 /* Preview Assets.xcassets */,
			);
			path = "Preview Content";
			sourceTree = "<group>";
		};
		90696DBB28813BAC00D474E2 /* Resources */ = {
			isa = PBXGroup;
			children = (
				90696DB128813B7B00D474E2 /* Assets.xcassets */,
				90696DB328813B7B00D474E2 /* Preview Content */,
			);
			path = Resources;
			sourceTree = "<group>";
		};
		90696DC228813BE400D474E2 /* App */ = {
			isa = PBXGroup;
			children = (
				90696DCF28813C1E00D474E2 /* FormsPlaygroundsApp.swift */,
			);
			path = App;
			sourceTree = "<group>";
		};
		90696DC328813BEC00D474E2 /* Views */ = {
			isa = PBXGroup;
			children = (
				90696DCD28813C1700D474E2 /* ContentView.swift */,
				90222D9428EB3B330067A141 /* BindingView.swift */,
			);
			path = Views;
			sourceTree = "<group>";
		};
		90696DC428813BF900D474E2 /* Forms */ = {
			isa = PBXGroup;
			children = (
				90222D9628EB3BB20067A141 /* FPScrollView.swift */,
				90696DC628813C0B00D474E2 /* FPForm.swift */,
				90696DC528813C0B00D474E2 /* FPFormComponent.swift */,
				90696DC728813C0B00D474E2 /* FPTextField.swift */,
				90696DC828813C0B00D474E2 /* FPValidationContext.swift */,
			);
			path = Forms;
			sourceTree = "<group>";
		};
/* End PBXGroup section */

/* Begin PBXNativeTarget section */
		90696DA928813B7A00D474E2 /* FormsPlayground */ = {
			isa = PBXNativeTarget;
			buildConfigurationList = 90696DB828813B7B00D474E2 /* Build configuration list for PBXNativeTarget "FormsPlayground" */;
			buildPhases = (
				90696DA628813B7A00D474E2 /* Sources */,
				90696DA728813B7A00D474E2 /* Frameworks */,
				90696DA828813B7A00D474E2 /* Resources */,
			);
			buildRules = (
			);
			dependencies = (
			);
			name = FormsPlayground;
			productName = FormsPlayground;
			productReference = 90696DAA28813B7A00D474E2 /* FormsPlayground.app */;
			productType = "com.apple.product-type.application";
		};
/* End PBXNativeTarget section */

/* Begin PBXProject section */
		90696DA228813B7A00D474E2 /* Project object */ = {
			isa = PBXProject;
			attributes = {
				BuildIndependentTargetsInParallel = 1;
				LastSwiftUpdateCheck = 1340;
				LastUpgradeCheck = 1340;
				TargetAttributes = {
					90696DA928813B7A00D474E2 = {
						CreatedOnToolsVersion = 13.4;
						LastSwiftMigration = 1340;
					};
				};
			};
			buildConfigurationList = 90696DA528813B7A00D474E2 /* Build configuration list for PBXProject "FormsPlayground" */;
			compatibilityVersion = "Xcode 13.0";
			developmentRegion = en;
			hasScannedForEncodings = 0;
			knownRegions = (
				en,
				Base,
			);
			mainGroup = 90696DA128813B7A00D474E2;
			productRefGroup = 90696DAB28813B7A00D474E2 /* Products */;
			projectDirPath = "";
			projectRoot = "";
			targets = (
				90696DA928813B7A00D474E2 /* FormsPlayground */,
			);
		};
/* End PBXProject section */

/* Begin PBXResourcesBuildPhase section */
		90696DA828813B7A00D474E2 /* Resources */ = {
			isa = PBXResourcesBuildPhase;
			buildActionMask = 2147483647;
			files = (
				90696DB528813B7B00D474E2 /* Preview Assets.xcassets in Resources */,
				90696DB228813B7B00D474E2 /* Assets.xcassets in Resources */,
			);
			runOnlyForDeploymentPostprocessing = 0;
		};
/* End PBXResourcesBuildPhase section */

/* Begin PBXSourcesBuildPhase section */
		90696DA628813B7A00D474E2 /* Sources */ = {
			isa = PBXSourcesBuildPhase;
			buildActionMask = 2147483647;
			files = (
				90696DCB28813C0B00D474E2 /* FPTextField.swift in Sources */,
				90696DCE28813C1700D474E2 /* ContentView.swift in Sources */,
				90222D9528EB3B330067A141 /* BindingView.swift in Sources */,
				90696DC928813C0B00D474E2 /* FPFormComponent.swift in Sources */,
				90696DCC28813C0B00D474E2 /* FPValidationContext.swift in Sources */,
				90222D9728EB3BB20067A141 /* FPScrollView.swift in Sources */,
				90696DD028813C1E00D474E2 /* FormsPlaygroundsApp.swift in Sources */,
				90696DCA28813C0B00D474E2 /* FPForm.swift in Sources */,
			);
			runOnlyForDeploymentPostprocessing = 0;
		};
/* End PBXSourcesBuildPhase section */

/* Begin XCBuildConfiguration section */
		90696DB628813B7B00D474E2 /* Debug */ = {
			isa = XCBuildConfiguration;
			buildSettings = {
				ALWAYS_SEARCH_USER_PATHS = NO;
				CLANG_ANALYZER_NONNULL = YES;
				CLANG_ANALYZER_NUMBER_OBJECT_CONVERSION = YES_AGGRESSIVE;
				CLANG_CXX_LANGUAGE_STANDARD = "gnu++17";
				CLANG_ENABLE_MODULES = YES;
				CLANG_ENABLE_OBJC_ARC = YES;
				CLANG_ENABLE_OBJC_WEAK = YES;
				CLANG_WARN_BLOCK_CAPTURE_AUTORELEASING = YES;
				CLANG_WARN_BOOL_CONVERSION = YES;
				CLANG_WARN_COMMA = YES;
				CLANG_WARN_CONSTANT_CONVERSION = YES;
				CLANG_WARN_DEPRECATED_OBJC_IMPLEMENTATIONS = YES;
				CLANG_WARN_DIRECT_OBJC_ISA_USAGE = YES_ERROR;
				CLANG_WARN_DOCUMENTATION_COMMENTS = YES;
				CLANG_WARN_EMPTY_BODY = YES;
				CLANG_WARN_ENUM_CONVERSION = YES;
				CLANG_WARN_INFINITE_RECURSION = YES;
				CLANG_WARN_INT_CONVERSION = YES;
				CLANG_WARN_NON_LITERAL_NULL_CONVERSION = YES;
				CLANG_WARN_OBJC_IMPLICIT_RETAIN_SELF = YES;
				CLANG_WARN_OBJC_LITERAL_CONVERSION = YES;
				CLANG_WARN_OBJC_ROOT_CLASS = YES_ERROR;
				CLANG_WARN_QUOTED_INCLUDE_IN_FRAMEWORK_HEADER = YES;
				CLANG_WARN_RANGE_LOOP_ANALYSIS = YES;
				CLANG_WARN_STRICT_PROTOTYPES = YES;
				CLANG_WARN_SUSPICIOUS_MOVE = YES;
				CLANG_WARN_UNGUARDED_AVAILABILITY = YES_AGGRESSIVE;
				CLANG_WARN_UNREACHABLE_CODE = YES;
				CLANG_WARN__DUPLICATE_METHOD_MATCH = YES;
				COPY_PHASE_STRIP = NO;
				DEBUG_INFORMATION_FORMAT = dwarf;
				ENABLE_STRICT_OBJC_MSGSEND = YES;
				ENABLE_TESTABILITY = YES;
				GCC_C_LANGUAGE_STANDARD = gnu11;
				GCC_DYNAMIC_NO_PIC = NO;
				GCC_NO_COMMON_BLOCKS = YES;
				GCC_OPTIMIZATION_LEVEL = 0;
				GCC_PREPROCESSOR_DEFINITIONS = (
					"DEBUG=1",
					"$(inherited)",
				);
				GCC_WARN_64_TO_32_BIT_CONVERSION = YES;
				GCC_WARN_ABOUT_RETURN_TYPE = YES_ERROR;
				GCC_WARN_UNDECLARED_SELECTOR = YES;
				GCC_WARN_UNINITIALIZED_AUTOS = YES_AGGRESSIVE;
				GCC_WARN_UNUSED_FUNCTION = YES;
				GCC_WARN_UNUSED_VARIABLE = YES;
				IPHONEOS_DEPLOYMENT_TARGET = 15.5;
				MTL_ENABLE_DEBUG_INFO = INCLUDE_SOURCE;
				MTL_FAST_MATH = YES;
				ONLY_ACTIVE_ARCH = YES;
				SDKROOT = iphoneos;
				SWIFT_ACTIVE_COMPILATION_CONDITIONS = DEBUG;
				SWIFT_OPTIMIZATION_LEVEL = "-Onone";
			};
			name = Debug;
		};
		90696DB728813B7B00D474E2 /* Release */ = {
			isa = XCBuildConfiguration;
			buildSettings = {
				ALWAYS_SEARCH_USER_PATHS = NO;
				CLANG_ANALYZER_NONNULL = YES;
				CLANG_ANALYZER_NUMBER_OBJECT_CONVERSION = YES_AGGRESSIVE;
				CLANG_CXX_LANGUAGE_STANDARD = "gnu++17";
				CLANG_ENABLE_MODULES = YES;
				CLANG_ENABLE_OBJC_ARC = YES;
				CLANG_ENABLE_OBJC_WEAK = YES;
				CLANG_WARN_BLOCK_CAPTURE_AUTORELEASING = YES;
				CLANG_WARN_BOOL_CONVERSION = YES;
				CLANG_WARN_COMMA = YES;
				CLANG_WARN_CONSTANT_CONVERSION = YES;
				CLANG_WARN_DEPRECATED_OBJC_IMPLEMENTATIONS = YES;
				CLANG_WARN_DIRECT_OBJC_ISA_USAGE = YES_ERROR;
				CLANG_WARN_DOCUMENTATION_COMMENTS = YES;
				CLANG_WARN_EMPTY_BODY = YES;
				CLANG_WARN_ENUM_CONVERSION = YES;
				CLANG_WARN_INFINITE_RECURSION = YES;
				CLANG_WARN_INT_CONVERSION = YES;
				CLANG_WARN_NON_LITERAL_NULL_CONVERSION = YES;
				CLANG_WARN_OBJC_IMPLICIT_RETAIN_SELF = YES;
				CLANG_WARN_OBJC_LITERAL_CONVERSION = YES;
				CLANG_WARN_OBJC_ROOT_CLASS = YES_ERROR;
				CLANG_WARN_QUOTED_INCLUDE_IN_FRAMEWORK_HEADER = YES;
				CLANG_WARN_RANGE_LOOP_ANALYSIS = YES;
				CLANG_WARN_STRICT_PROTOTYPES = YES;
				CLANG_WARN_SUSPICIOUS_MOVE = YES;
				CLANG_WARN_UNGUARDED_AVAILABILITY = YES_AGGRESSIVE;
				CLANG_WARN_UNREACHABLE_CODE = YES;
				CLANG_WARN__DUPLICATE_METHOD_MATCH = YES;
				COPY_PHASE_STRIP = NO;
				DEBUG_INFORMATION_FORMAT = "dwarf-with-dsym";
				ENABLE_NS_ASSERTIONS = NO;
				ENABLE_STRICT_OBJC_MSGSEND = YES;
				GCC_C_LANGUAGE_STANDARD = gnu11;
				GCC_NO_COMMON_BLOCKS = YES;
				GCC_WARN_64_TO_32_BIT_CONVERSION = YES;
				GCC_WARN_ABOUT_RETURN_TYPE = YES_ERROR;
				GCC_WARN_UNDECLARED_SELECTOR = YES;
				GCC_WARN_UNINITIALIZED_AUTOS = YES_AGGRESSIVE;
				GCC_WARN_UNUSED_FUNCTION = YES;
				GCC_WARN_UNUSED_VARIABLE = YES;
				IPHONEOS_DEPLOYMENT_TARGET = 15.5;
				MTL_ENABLE_DEBUG_INFO = NO;
				MTL_FAST_MATH = YES;
				SDKROOT = iphoneos;
				SWIFT_COMPILATION_MODE = wholemodule;
				SWIFT_OPTIMIZATION_LEVEL = "-O";
				VALIDATE_PRODUCT = YES;
			};
			name = Release;
		};
		90696DB928813B7B00D474E2 /* Debug */ = {
			isa = XCBuildConfiguration;
			buildSettings = {
				ASSETCATALOG_COMPILER_APPICON_NAME = AppIcon;
				ASSETCATALOG_COMPILER_GLOBAL_ACCENT_COLOR_NAME = AccentColor;
				CLANG_ENABLE_MODULES = YES;
				CODE_SIGN_STYLE = Automatic;
				CURRENT_PROJECT_VERSION = 1;
				DEVELOPMENT_ASSET_PATHS = "FormsPlayground/Resources/Preview\\ Content";
				DEVELOPMENT_TEAM = 6LUKKGTQB5;
				ENABLE_PREVIEWS = YES;
				GENERATE_INFOPLIST_FILE = YES;
				INFOPLIST_KEY_UIApplicationSceneManifest_Generation = YES;
				INFOPLIST_KEY_UIApplicationSupportsIndirectInputEvents = YES;
				INFOPLIST_KEY_UILaunchScreen_Generation = YES;
				INFOPLIST_KEY_UISupportedInterfaceOrientations_iPad = "UIInterfaceOrientationPortrait UIInterfaceOrientationPortraitUpsideDown UIInterfaceOrientationLandscapeLeft UIInterfaceOrientationLandscapeRight";
				INFOPLIST_KEY_UISupportedInterfaceOrientations_iPhone = "UIInterfaceOrientationPortrait UIInterfaceOrientationLandscapeLeft UIInterfaceOrientationLandscapeRight";
				IPHONEOS_DEPLOYMENT_TARGET = 15.0;
				LD_RUNPATH_SEARCH_PATHS = (
					"$(inherited)",
					"@executable_path/Frameworks",
				);
				MARKETING_VERSION = 1.0;
				PRODUCT_BUNDLE_IDENTIFIER = com.qeltive.dev.FormsPlayground;
				PRODUCT_NAME = "$(TARGET_NAME)";
				SWIFT_EMIT_LOC_STRINGS = YES;
				SWIFT_OPTIMIZATION_LEVEL = "-Onone";
				SWIFT_VERSION = 5.0;
				TARGETED_DEVICE_FAMILY = 1;
			};
			name = Debug;
		};
		90696DBA28813B7B00D474E2 /* Release */ = {
			isa = XCBuildConfiguration;
			buildSettings = {
				ASSETCATALOG_COMPILER_APPICON_NAME = AppIcon;
				ASSETCATALOG_COMPILER_GLOBAL_ACCENT_COLOR_NAME = AccentColor;
				CLANG_ENABLE_MODULES = YES;
				CODE_SIGN_STYLE = Automatic;
				CURRENT_PROJECT_VERSION = 1;
				DEVELOPMENT_ASSET_PATHS = "FormsPlayground/Resources/Preview\\ Content";
				DEVELOPMENT_TEAM = 6LUKKGTQB5;
				ENABLE_PREVIEWS = YES;
				GENERATE_INFOPLIST_FILE = YES;
				INFOPLIST_KEY_UIApplicationSceneManifest_Generation = YES;
				INFOPLIST_KEY_UIApplicationSupportsIndirectInputEvents = YES;
				INFOPLIST_KEY_UILaunchScreen_Generation = YES;
				INFOPLIST_KEY_UISupportedInterfaceOrientations_iPad = "UIInterfaceOrientationPortrait UIInterfaceOrientationPortraitUpsideDown UIInterfaceOrientationLandscapeLeft UIInterfaceOrientationLandscapeRight";
				INFOPLIST_KEY_UISupportedInterfaceOrientations_iPhone = "UIInterfaceOrientationPortrait UIInterfaceOrientationLandscapeLeft UIInterfaceOrientationLandscapeRight";
				IPHONEOS_DEPLOYMENT_TARGET = 15.0;
				LD_RUNPATH_SEARCH_PATHS = (
					"$(inherited)",
					"@executable_path/Frameworks",
				);
				MARKETING_VERSION = 1.0;
				PRODUCT_BUNDLE_IDENTIFIER = com.qeltive.dev.FormsPlayground;
				PRODUCT_NAME = "$(TARGET_NAME)";
				SWIFT_EMIT_LOC_STRINGS = YES;
				SWIFT_VERSION = 5.0;
				TARGETED_DEVICE_FAMILY = 1;
			};
			name = Release;
		};
/* End XCBuildConfiguration section */

/* Begin XCConfigurationList section */
		90696DA528813B7A00D474E2 /* Build configuration list for PBXProject "FormsPlayground" */ = {
			isa = XCConfigurationList;
			buildConfigurations = (
				90696DB628813B7B00D474E2 /* Debug */,
				90696DB728813B7B00D474E2 /* Release */,
			);
			defaultConfigurationIsVisible = 0;
			defaultConfigurationName = Release;
		};
		90696DB828813B7B00D474E2 /* Build configuration list for PBXNativeTarget "FormsPlayground" */ = {
			isa = XCConfigurationList;
			buildConfigurations = (
				90696DB928813B7B00D474E2 /* Debug */,
				90696DBA28813B7B00D474E2 /* Release */,
			);
			defaultConfigurationIsVisible = 0;
			defaultConfigurationName = Release;
		};
/* End XCConfigurationList section */
	};
	rootObject = 90696DA228813B7A00D474E2 /* Project object */;
}
